{
  "name": "rock-paper-scissors-promode",
  "version": "1.0.0",
  "lockfileVersion": 3,
  "requires": true,
  "packages": {
    "": {
      "name": "rock-paper-scissors-promode",
      "version": "1.0.0",
      "license": "ISC",
      "dependencies": {
        "console-table-printer": "^2.11.2",
        "crypto": "^1.0.1",
        "crypto-js": "^4.1.1",
        "underscore": "^1.13.6"
      },
      "devDependencies": {
        "@types/node": "^20.4.7",
        "@types/underscore": "^1.11.6",
        "typescript": "^5.1.6"
      }
    },
    "node_modules/@types/node": {
      "version": "20.4.7",
      "resolved": "https://registry.npmjs.org/@types/node/-/node-20.4.7.tgz",
      "integrity": "sha512-bUBrPjEry2QUTsnuEjzjbS7voGWCc30W0qzgMf90GPeDGFRakvrz47ju+oqDAKCXLUCe39u57/ORMl/O/04/9g==",
      "dev": true
    },
    "node_modules/@types/underscore": {
      "version": "1.11.6",
      "resolved": "https://registry.npmjs.org/@types/underscore/-/underscore-1.11.6.tgz",
      "integrity": "sha512-G2oC64I/sR817KDL2b2Mc7+diXyxcibyUeLMyexU4K/sG8hyt/YMlbBK0TVhx/YQ1ehfzgXhLuq2YQHIL4bXUQ==",
      "dev": true
    },
    "node_modules/console-table-printer": {
      "version": "2.11.2",
      "resolved": "https://registry.npmjs.org/console-table-printer/-/console-table-printer-2.11.2.tgz",
      "integrity": "sha512-uuUHie0sfPP542TKGzPFal0W1wo1beuKAqIZdaavcONx8OoqdnJRKjkinbRTOta4FaCa1RcIL+7mMJWX3pQGVg==",
      "dependencies": {
        "simple-wcswidth": "^1.0.1"
      }
    },
    "node_modules/crypto": {
      "version": "1.0.1",
      "resolved": "https://registry.npmjs.org/crypto/-/crypto-1.0.1.tgz",
      "integrity": "sha512-VxBKmeNcqQdiUQUW2Tzq0t377b54N2bMtXO/qiLa+6eRRmmC4qT3D4OnTGoT/U6O9aklQ/jTwbOtRMTTY8G0Ig==",
      "deprecated": "This package is no longer supported. It's now a built-in Node module. If you've depended on crypto, you should switch to the one that's built-in."
    },
    "node_modules/crypto-js": {
      "version": "4.1.1",
      "resolved": "https://registry.npmjs.org/crypto-js/-/crypto-js-4.1.1.tgz",
      "integrity": "sha512-o2JlM7ydqd3Qk9CA0L4NL6mTzU2sdx96a+oOfPu8Mkl/PK51vSyoi8/rQ8NknZtk44vq15lmhAj9CIAGwgeWKw=="
    },
    "node_modules/simple-wcswidth": {
      "version": "1.0.1",
      "resolved": "https://registry.npmjs.org/simple-wcswidth/-/simple-wcswidth-1.0.1.tgz",
      "integrity": "sha512-xMO/8eNREtaROt7tJvWJqHBDTMFN4eiQ5I4JRMuilwfnFcV5W9u7RUkueNkdw0jPqGMX36iCywelS5yilTuOxg=="
    },
    "node_modules/typescript": {
      "version": "5.1.6",
      "resolved": "https://registry.npmjs.org/typescript/-/typescript-5.1.6.tgz",
      "integrity": "sha512-zaWCozRZ6DLEWAWFrVDz1H6FVXzUSfTy5FUMWsQlU8Ym5JP9eO4xkTIROFCQvhQf61z6O/G6ugw3SgAnvvm+HA==",
      "dev": true,
      "bin": {
        "tsc": "bin/tsc",
        "tsserver": "bin/tsserver"
      },
      "engines": {
        "node": ">=14.17"
      }
    },
    "node_modules/underscore": {
      "version": "1.13.6",
      "resolved": "https://registry.npmjs.org/underscore/-/underscore-1.13.6.tgz",
      "integrity": "sha512-+A5Sja4HP1M08MaXya7p5LvjuM7K6q/2EaC0+iovj/wOcMsTzMvDFbasi/oSapiwOlt252IqsKqPjCl7huKS0A=="
    }
  }
}
